
Microsoft Visual Studio Solution File, Format Version 12.00
# Visual Studio Version 17
VisualStudioVersion = 17.0.31903.59
MinimumVisualStudioVersion = 10.0.40219.1
Project("{2150E333-8FDC-42A3-9474-1A3956D46DE8}") = "src", "src", "{9929C592-A83C-4F81-B1A3-478F2AF0FFA0}"
EndProject
Project("{FAE04EC0-301F-11D3-BF4B-00C04F79EFBC}") = "Demo", "src\Demo\Demo.csproj", "{C9451600-C7AA-45AE-B27B-51D871C83B57}"
EndProject
Project("{FAE04EC0-301F-11D3-BF4B-00C04F79EFBC}") = "Leonardo", "src\Leonardo\Leonardo.csproj", "{80B707C9-BD41-4723-B16C-3E3ABB7E9DA4}"
EndProject
Project("{2150E333-8FDC-42A3-9474-1A3956D46DE8}") = "tests", "tests", "{9B9B523E-B4AC-4F6C-9AD2-8BD582074A0E}"
EndProject
Project("{FAE04EC0-301F-11D3-BF4B-00C04F79EFBC}") = "Leonardo.Tests", "tests\Leonardo.Tests\Leonardo.Tests.csproj", "{092E79BE-BDD2-4D1B-94C7-7B90982CB623}"
EndProject
Project("{FAE04EC0-301F-11D3-BF4B-00C04F79EFBC}") = "Leonardo.Web", "src\Leonardo.Web\Leonardo.Web.csproj", "{31A451A2-D3B4-4294-B529-685187A95655}"
EndProject
Global
	GlobalSection(SolutionConfigurationPlatforms) = preSolution
		Debug|Any CPU = Debug|Any CPU
		Release|Any CPU = Release|Any CPU
	EndGlobalSection
	GlobalSection(SolutionProperties) = preSolution
		HideSolutionNode = FALSE
	EndGlobalSection
	GlobalSection(ProjectConfigurationPlatforms) = postSolution
		{C9451600-C7AA-45AE-B27B-51D871C83B57}.Debug|Any CPU.ActiveCfg = Debug|Any CPU
		{C9451600-C7AA-45AE-B27B-51D871C83B57}.Debug|Any CPU.Build.0 = Debug|Any CPU
		{C9451600-C7AA-45AE-B27B-51D871C83B57}.Release|Any CPU.ActiveCfg = Release|Any CPU
		{C9451600-C7AA-45AE-B27B-51D871C83B57}.Release|Any CPU.Build.0 = Release|Any CPU
		{80B707C9-BD41-4723-B16C-3E3ABB7E9DA4}.Debug|Any CPU.ActiveCfg = Debug|Any CPU
		{80B707C9-BD41-4723-B16C-3E3ABB7E9DA4}.Debug|Any CPU.Build.0 = Debug|Any CPU
		{80B707C9-BD41-4723-B16C-3E3ABB7E9DA4}.Release|Any CPU.ActiveCfg = Release|Any CPU
		{80B707C9-BD41-4723-B16C-3E3ABB7E9DA4}.Release|Any CPU.Build.0 = Release|Any CPU
		{092E79BE-BDD2-4D1B-94C7-7B90982CB623}.Debug|Any CPU.ActiveCfg = Debug|Any CPU
		{092E79BE-BDD2-4D1B-94C7-7B90982CB623}.Debug|Any CPU.Build.0 = Debug|Any CPU
		{092E79BE-BDD2-4D1B-94C7-7B90982CB623}.Release|Any CPU.ActiveCfg = Release|Any CPU
		{092E79BE-BDD2-4D1B-94C7-7B90982CB623}.Release|Any CPU.Build.0 = Release|Any CPU
		{31A451A2-D3B4-4294-B529-685187A95655}.Debug|Any CPU.ActiveCfg = Debug|Any CPU
		{31A451A2-D3B4-4294-B529-685187A95655}.Debug|Any CPU.Build.0 = Debug|Any CPU
		{31A451A2-D3B4-4294-B529-685187A95655}.Release|Any CPU.ActiveCfg = Release|Any CPU
		{31A451A2-D3B4-4294-B529-685187A95655}.Release|Any CPU.Build.0 = Release|Any CPU
	EndGlobalSection
	GlobalSection(NestedProjects) = preSolution
		{C9451600-C7AA-45AE-B27B-51D871C83B57} = {9929C592-A83C-4F81-B1A3-478F2AF0FFA0}
		{80B707C9-BD41-4723-B16C-3E3ABB7E9DA4} = {9929C592-A83C-4F81-B1A3-478F2AF0FFA0}
		{092E79BE-BDD2-4D1B-94C7-7B90982CB623} = {9B9B523E-B4AC-4F6C-9AD2-8BD582074A0E}
		{31A451A2-D3B4-4294-B529-685187A95655} = {9929C592-A83C-4F81-B1A3-478F2AF0FFA0}
	EndGlobalSection
EndGlobal
